
Microsoft Visual Studio Solution File, Format Version 12.00
# Visual Studio Version 18
VisualStudioVersion = 18.2.11430.68 d18.0
MinimumVisualStudioVersion = 10.0.40219.1
Project("{FAE04EC0-301F-11D3-BF4B-00C04F79EFBC}") = "TicketPlatform", "TicketPlatform\TicketPlatform.csproj", "{7496C8E5-0201-4301-ABE3-E4218636D07A}"
EndProject
Global
	GlobalSection(SolutionConfigurationPlatforms) = preSolution
		Debug|Any CPU = Debug|Any CPU
		Release|Any CPU = Release|Any CPU
	EndGlobalSection
	GlobalSection(ProjectConfigurationPlatforms) = postSolution
		{7496C8E5-0201-4301-ABE3-E4218636D07A}.Debug|Any CPU.ActiveCfg = Debug|Any CPU
		{7496C8E5-0201-4301-ABE3-E4218636D07A}.Debug|Any CPU.Build.0 = Debug|Any CPU
		{7496C8E5-0201-4301-ABE3-E4218636D07A}.Release|Any CPU.ActiveCfg = Release|Any CPU
		{7496C8E5-0201-4301-ABE3-E4218636D07A}.Release|Any CPU.Build.0 = Release|Any CPU
	EndGlobalSection
	GlobalSection(SolutionProperties) = preSolution
		HideSolutionNode = FALSE
	EndGlobalSection
	GlobalSection(ExtensibilityGlobals) = postSolution
		SolutionGuid = {BCFFF51E-4339-497B-A513-48892AD15E57}
	EndGlobalSection
EndGlobal
